<?xml version="1.0" encoding="utf-8"?>
<Project ToolsVersion="18.0" xmlns="http://schemas.microsoft.com/developer/msbuild/2003">
  <ItemGroup>
    <CustomBuild Include="C:\Users\jsanc\Desktop\Scoundrel\libraries\SDL-release-3.4.8\CMakeFiles\c5fcb42b7ba8e043d183302cf5ce4453\PACKAGE_force.rule">
      <Filter>CMake Rules</Filter>
    </CustomBuild>
  </ItemGroup>
  <ItemGroup>
    <Filter Include="CMake Rules">
      <UniqueIdentifier>{01F26C1C-9C2D-3977-B700-0A8A3701DE6D}</UniqueIdentifier>
    </Filter>
  </ItemGroup>
</Project>
